
Microsoft Visual Studio Solution File, Format Version 12.00
# Visual Studio Version 17
VisualStudioVersion = 17.7.34031.279
MinimumVisualStudioVersion = 10.0.40219.1
Project("{8BC9CEB8-8B4A-11D0-8D11-00A0C91BC942}") = "RetroSnake", "RetroSnake.vcxproj", "{7A25969D-FCE4-4622-8A71-1FE86B2722AC}"
EndProject
Global
	GlobalSection(SolutionConfigurationPlatforms) = preSolution
		Debug|x64 = Debug|x64
		Debug|x86 = Debug|x86
		Release|x64 = Release|x64
		Release|x86 = Release|x86
	EndGlobalSection
	GlobalSection(ProjectConfigurationPlatforms) = postSolution
		{7A25969D-FCE4-4622-8A71-1FE86B2722AC}.Debug|x64.ActiveCfg = Debug|x64
		{7A25969D-FCE4-4622-8A71-1FE86B2722AC}.Debug|x64.Build.0 = Debug|x64
		{7A25969D-FCE4-4622-8A71-1FE86B2722AC}.Debug|x86.ActiveCfg = Debug|Win32
		{7A25969D-FCE4-4622-8A71-1FE86B2722AC}.Debug|x86.Build.0 = Debug|Win32
		{7A25969D-FCE4-4622-8A71-1FE86B2722AC}.Release|x64.ActiveCfg = Release|x64
		{7A25969D-FCE4-4622-8A71-1FE86B2722AC}.Release|x64.Build.0 = Release|x64
		{7A25969D-FCE4-4622-8A71-1FE86B2722AC}.Release|x86.ActiveCfg = Release|Win32
		{7A25969D-FCE4-4622-8A71-1FE86B2722AC}.Release|x86.Build.0 = Release|Win32
	EndGlobalSection
	GlobalSection(SolutionProperties) = preSolution
		HideSolutionNode = FALSE
	EndGlobalSection
	GlobalSection(ExtensibilityGlobals) = postSolution
		SolutionGuid = {598C1C08-CD9B-4282-9661-E14B30E3505D}
	EndGlobalSection
EndGlobal
